
Microsoft Visual Studio Solution File, Format Version 12.00
# Visual Studio 15
VisualStudioVersion = 15.0.28010.2046
MinimumVisualStudioVersion = 10.0.40219.1
Project("{FAE04EC0-301F-11D3-BF4B-00C04F79EFBC}") = "Agilisium.TalentManager.WebUI", "Agilisium.TalentManager.WebUI\Agilisium.TalentManager.WebUI.csproj", "{AFF06B9B-3D49-4062-8537-9F8F1AE04F9E}"
EndProject
Project("{FAE04EC0-301F-11D3-BF4B-00C04F79EFBC}") = "Agilisium.TalentManager.Model", "Agilisium.TalentManager.Model\Agilisium.TalentManager.Model.csproj", "{DD86B3BA-80C3-43BE-AD22-10AA29A1C7B2}"
EndProject
Project("{FAE04EC0-301F-11D3-BF4B-00C04F79EFBC}") = "Agilisium.TalentManager.PostgresDbHelper", "Agilisium.TalentManager.PostgresDbHelper\Agilisium.TalentManager.PostgresDbHelper.csproj", "{8F414FAB-097B-4A38-A38A-876EC7D8776A}"
EndProject
Project("{FAE04EC0-301F-11D3-BF4B-00C04F79EFBC}") = "Agilisium.TalentManager.Repository", "Agilisium.TalentManager.Data\Agilisium.TalentManager.Repository.csproj", "{5CFE3B1B-F50D-4D49-9008-819F6F708F21}"
EndProject
Project("{FAE04EC0-301F-11D3-BF4B-00C04F79EFBC}") = "Agilisium.TalentManager.Dto", "Agilisium.TalentManager.Dto\Agilisium.TalentManager.Dto.csproj", "{210C185D-668E-4460-9DF0-E96460A1AE81}"
EndProject
Project("{FAE04EC0-301F-11D3-BF4B-00C04F79EFBC}") = "Agilisium.TalentManager.PostgresModel", "Agilisium.TalentManager.PostgresModel\Agilisium.TalentManager.PostgresModel.csproj", "{472ABBE3-7CDD-4640-8225-CEE8D0EDE62D}"
EndProject
Project("{FAE04EC0-301F-11D3-BF4B-00C04F79EFBC}") = "Agilisium.TalentManager.ServerUtilities", "Agilisium.TalentManager.ServerUtilities\Agilisium.TalentManager.ServerUtilities.csproj", "{6FF908C2-833E-4A3B-A936-21E36ED88B3F}"
EndProject
Project("{FAE04EC0-301F-11D3-BF4B-00C04F79EFBC}") = "Agilisium.TalentManager.Service", "Agilisium.TalentManager.Service\Agilisium.TalentManager.Service.csproj", "{E93E7895-5291-4D88-A402-8E0E3B49AD12}"
EndProject
Project("{FAE04EC0-301F-11D3-BF4B-00C04F79EFBC}") = "Agilisium.TalentManager.ServiceProcessors", "Agilisium.TalentManager.ServiceProcessors\Agilisium.TalentManager.ServiceProcessors.csproj", "{BF5CE7AA-78F3-4D62-B200-82CC38CFBAB2}"
EndProject
Project("{2150E333-8FDC-42A3-9474-1A3956D46DE8}") = "Tools", "Tools", "{D52294D3-2899-4AB1-A289-F65F30BCF974}"
EndProject
Project("{2150E333-8FDC-42A3-9474-1A3956D46DE8}") = "WindowsServices", "WindowsServices", "{2A4B7EFE-8733-43E0-BFA8-508756F45B67}"
EndProject
Project("{FAE04EC0-301F-11D3-BF4B-00C04F79EFBC}") = "DataMigrationTool", "Tools\DataMigrationTool\DataMigrationTool.csproj", "{8D09095E-51BB-47B0-82F7-3B46754BAF3A}"
EndProject
Project("{FAE04EC0-301F-11D3-BF4B-00C04F79EFBC}") = "DataUploader", "Tools\DataUploader\DataUploader.csproj", "{DC5D0926-32FF-4917-A32C-6A94A13A5DFD}"
EndProject
Project("{FAE04EC0-301F-11D3-BF4B-00C04F79EFBC}") = "WindowsServiceExecutor", "Tools\WindowsServiceExecutor\WindowsServiceExecutor.csproj", "{C7989FD1-6841-4A13-BBE3-625216544D8D}"
EndProject
Project("{FAE04EC0-301F-11D3-BF4B-00C04F79EFBC}") = "AllocationsMessengerService", "WindowsServices\AllocationsMessengerService\AllocationsMessengerService.csproj", "{0C711E2B-7AE7-45B2-9AEA-95E580C54910}"
EndProject
Project("{FAE04EC0-301F-11D3-BF4B-00C04F79EFBC}") = "AllocationsUpdaterService", "WindowsServices\AllocationsUpdaterService\AllocationsUpdaterService.csproj", "{8EC49C94-6A3A-4006-8F14-EFE930A94DDF}"
EndProject
Global
	GlobalSection(SolutionConfigurationPlatforms) = preSolution
		Debug|Any CPU = Debug|Any CPU
		Release|Any CPU = Release|Any CPU
	EndGlobalSection
	GlobalSection(ProjectConfigurationPlatforms) = postSolution
		{AFF06B9B-3D49-4062-8537-9F8F1AE04F9E}.Debug|Any CPU.ActiveCfg = Debug|Any CPU
		{AFF06B9B-3D49-4062-8537-9F8F1AE04F9E}.Debug|Any CPU.Build.0 = Debug|Any CPU
		{AFF06B9B-3D49-4062-8537-9F8F1AE04F9E}.Release|Any CPU.ActiveCfg = Release|Any CPU
		{AFF06B9B-3D49-4062-8537-9F8F1AE04F9E}.Release|Any CPU.Build.0 = Release|Any CPU
		{DD86B3BA-80C3-43BE-AD22-10AA29A1C7B2}.Debug|Any CPU.ActiveCfg = Debug|Any CPU
		{DD86B3BA-80C3-43BE-AD22-10AA29A1C7B2}.Debug|Any CPU.Build.0 = Debug|Any CPU
		{DD86B3BA-80C3-43BE-AD22-10AA29A1C7B2}.Release|Any CPU.ActiveCfg = Release|Any CPU
		{DD86B3BA-80C3-43BE-AD22-10AA29A1C7B2}.Release|Any CPU.Build.0 = Release|Any CPU
		{8F414FAB-097B-4A38-A38A-876EC7D8776A}.Debug|Any CPU.ActiveCfg = Debug|Any CPU
		{8F414FAB-097B-4A38-A38A-876EC7D8776A}.Debug|Any CPU.Build.0 = Debug|Any CPU
		{8F414FAB-097B-4A38-A38A-876EC7D8776A}.Release|Any CPU.ActiveCfg = Release|Any CPU
		{8F414FAB-097B-4A38-A38A-876EC7D8776A}.Release|Any CPU.Build.0 = Release|Any CPU
		{5CFE3B1B-F50D-4D49-9008-819F6F708F21}.Debug|Any CPU.ActiveCfg = Debug|Any CPU
		{5CFE3B1B-F50D-4D49-9008-819F6F708F21}.Debug|Any CPU.Build.0 = Debug|Any CPU
		{5CFE3B1B-F50D-4D49-9008-819F6F708F21}.Release|Any CPU.ActiveCfg = Release|Any CPU
		{5CFE3B1B-F50D-4D49-9008-819F6F708F21}.Release|Any CPU.Build.0 = Release|Any CPU
		{210C185D-668E-4460-9DF0-E96460A1AE81}.Debug|Any CPU.ActiveCfg = Debug|Any CPU
		{210C185D-668E-4460-9DF0-E96460A1AE81}.Debug|Any CPU.Build.0 = Debug|Any CPU
		{210C185D-668E-4460-9DF0-E96460A1AE81}.Release|Any CPU.ActiveCfg = Release|Any CPU
		{210C185D-668E-4460-9DF0-E96460A1AE81}.Release|Any CPU.Build.0 = Release|Any CPU
		{472ABBE3-7CDD-4640-8225-CEE8D0EDE62D}.Debug|Any CPU.ActiveCfg = Debug|Any CPU
		{472ABBE3-7CDD-4640-8225-CEE8D0EDE62D}.Debug|Any CPU.Build.0 = Debug|Any CPU
		{472ABBE3-7CDD-4640-8225-CEE8D0EDE62D}.Release|Any CPU.ActiveCfg = Release|Any CPU
		{472ABBE3-7CDD-4640-8225-CEE8D0EDE62D}.Release|Any CPU.Build.0 = Release|Any CPU
		{6FF908C2-833E-4A3B-A936-21E36ED88B3F}.Debug|Any CPU.ActiveCfg = Debug|Any CPU
		{6FF908C2-833E-4A3B-A936-21E36ED88B3F}.Debug|Any CPU.Build.0 = Debug|Any CPU
		{6FF908C2-833E-4A3B-A936-21E36ED88B3F}.Release|Any CPU.ActiveCfg = Release|Any CPU
		{6FF908C2-833E-4A3B-A936-21E36ED88B3F}.Release|Any CPU.Build.0 = Release|Any CPU
		{E93E7895-5291-4D88-A402-8E0E3B49AD12}.Debug|Any CPU.ActiveCfg = Debug|Any CPU
		{E93E7895-5291-4D88-A402-8E0E3B49AD12}.Debug|Any CPU.Build.0 = Debug|Any CPU
		{E93E7895-5291-4D88-A402-8E0E3B49AD12}.Release|Any CPU.ActiveCfg = Release|Any CPU
		{E93E7895-5291-4D88-A402-8E0E3B49AD12}.Release|Any CPU.Build.0 = Release|Any CPU
		{BF5CE7AA-78F3-4D62-B200-82CC38CFBAB2}.Debug|Any CPU.ActiveCfg = Debug|Any CPU
		{BF5CE7AA-78F3-4D62-B200-82CC38CFBAB2}.Debug|Any CPU.Build.0 = Debug|Any CPU
		{BF5CE7AA-78F3-4D62-B200-82CC38CFBAB2}.Release|Any CPU.ActiveCfg = Release|Any CPU
		{BF5CE7AA-78F3-4D62-B200-82CC38CFBAB2}.Release|Any CPU.Build.0 = Release|Any CPU
		{8D09095E-51BB-47B0-82F7-3B46754BAF3A}.Debug|Any CPU.ActiveCfg = Debug|Any CPU
		{8D09095E-51BB-47B0-82F7-3B46754BAF3A}.Debug|Any CPU.Build.0 = Debug|Any CPU
		{8D09095E-51BB-47B0-82F7-3B46754BAF3A}.Release|Any CPU.ActiveCfg = Release|Any CPU
		{8D09095E-51BB-47B0-82F7-3B46754BAF3A}.Release|Any CPU.Build.0 = Release|Any CPU
		{DC5D0926-32FF-4917-A32C-6A94A13A5DFD}.Debug|Any CPU.ActiveCfg = Debug|Any CPU
		{DC5D0926-32FF-4917-A32C-6A94A13A5DFD}.Debug|Any CPU.Build.0 = Debug|Any CPU
		{DC5D0926-32FF-4917-A32C-6A94A13A5DFD}.Release|Any CPU.ActiveCfg = Release|Any CPU
		{DC5D0926-32FF-4917-A32C-6A94A13A5DFD}.Release|Any CPU.Build.0 = Release|Any CPU
		{C7989FD1-6841-4A13-BBE3-625216544D8D}.Debug|Any CPU.ActiveCfg = Debug|Any CPU
		{C7989FD1-6841-4A13-BBE3-625216544D8D}.Debug|Any CPU.Build.0 = Debug|Any CPU
		{C7989FD1-6841-4A13-BBE3-625216544D8D}.Release|Any CPU.ActiveCfg = Release|Any CPU
		{C7989FD1-6841-4A13-BBE3-625216544D8D}.Release|Any CPU.Build.0 = Release|Any CPU
		{0C711E2B-7AE7-45B2-9AEA-95E580C54910}.Debug|Any CPU.ActiveCfg = Debug|Any CPU
		{0C711E2B-7AE7-45B2-9AEA-95E580C54910}.Debug|Any CPU.Build.0 = Debug|Any CPU
		{0C711E2B-7AE7-45B2-9AEA-95E580C54910}.Release|Any CPU.ActiveCfg = Release|Any CPU
		{0C711E2B-7AE7-45B2-9AEA-95E580C54910}.Release|Any CPU.Build.0 = Release|Any CPU
		{8EC49C94-6A3A-4006-8F14-EFE930A94DDF}.Debug|Any CPU.ActiveCfg = Debug|Any CPU
		{8EC49C94-6A3A-4006-8F14-EFE930A94DDF}.Debug|Any CPU.Build.0 = Debug|Any CPU
		{8EC49C94-6A3A-4006-8F14-EFE930A94DDF}.Release|Any CPU.ActiveCfg = Release|Any CPU
		{8EC49C94-6A3A-4006-8F14-EFE930A94DDF}.Release|Any CPU.Build.0 = Release|Any CPU
	EndGlobalSection
	GlobalSection(SolutionProperties) = preSolution
		HideSolutionNode = FALSE
	EndGlobalSection
	GlobalSection(NestedProjects) = preSolution
		{8D09095E-51BB-47B0-82F7-3B46754BAF3A} = {D52294D3-2899-4AB1-A289-F65F30BCF974}
		{DC5D0926-32FF-4917-A32C-6A94A13A5DFD} = {D52294D3-2899-4AB1-A289-F65F30BCF974}
		{C7989FD1-6841-4A13-BBE3-625216544D8D} = {D52294D3-2899-4AB1-A289-F65F30BCF974}
		{0C711E2B-7AE7-45B2-9AEA-95E580C54910} = {2A4B7EFE-8733-43E0-BFA8-508756F45B67}
		{8EC49C94-6A3A-4006-8F14-EFE930A94DDF} = {2A4B7EFE-8733-43E0-BFA8-508756F45B67}
	EndGlobalSection
	GlobalSection(ExtensibilityGlobals) = postSolution
		SolutionGuid = {E78208C7-91A1-4401-9353-68EA466A0177}
	EndGlobalSection
EndGlobal
